<?xml version="1.0" encoding="utf-8"?>
<Project ToolsVersion="4.0" xmlns="http://schemas.microsoft.com/developer/msbuild/2003">
  <ItemGroup>
    <Filter Include="Source Files">
      <UniqueIdentifier>{4FC737F1-C7A5-4376-A066-2A32D752A2FF}</UniqueIdentifier>
      <Extensions>cpp;c;cc;cxx;c++;cppm;ixx;def;odl;idl;hpj;bat;asm;asmx</Extensions>
    </Filter>
    <Filter Include="Header Files">
      <UniqueIdentifier>{93995380-89BD-4b04-88EB-625FBE52EBFB}</UniqueIdentifier>
      <Extensions>h;hh;hpp;hxx;h++;hm;inl;inc;ipp;xsd</Extensions>
    </Filter>
    <Filter Include="Shaders">
      <UniqueIdentifier>{2d57bef2-65a8-4ab0-bb94-0b0eecd0a2bb}</UniqueIdentifier>
    </Filter>
    <Filter Include="Resource Files">
      <UniqueIdentifier>{67DA6AB6-F800-4c08-8B7A-83BB121AAD01}</UniqueIdentifier>
      <Extensions>rc;ico;cur;bmp;dlg;rc2;rct;bin;rgs;gif;jpg;jpeg;jpe;resx;tiff;tif;png;wav;mfcribbon-ms</Extensions>
    </Filter>
    <Filter Include="Shaders\Compute">
      <UniqueIdentifier>{43a78bfa-c698-4fa4-a0a6-195a10bfb03e}</UniqueIdentifier>
    </Filter>
    <Filter Include="Shaders\Include">
      <UniqueIdentifier>{cf41e256-e587-4377-ae31-a60d993b5f0a}</UniqueIdentifier>
    </Filter>
  </ItemGroup>
  <ItemGroup>
    <ClCompile Include="main.cpp">
      <Filter>Source Files</Filter>
    </ClCompile>
    <ClCompile Include="..\Common\imgui\imgui.cpp">
      <Filter>Source Files</Filter>
    </ClCompile>
    <ClCompile Include="..\Common\imgui\imgui_draw.cpp">
      <Filter>Source Files</Filter>
    </ClCompile>
    <ClCompile Include="..\Common\imgui\imgui_impl_dx12.cpp">
      <Filter>Source Files</Filter>
    </ClCompile>
    <ClCompile Include="..\Common\imgui\imgui_impl_win32.cpp">
      <Filter>Source Files</Filter>
    </ClCompile>
    <ClCompile Include="..\Common\imgui\imgui_tables.cpp">
      <Filter>Source Files</Filter>
    </ClCompile>
    <ClCompile Include="..\Common\imgui\imgui_widgets.cpp">
      <Filter>Source Files</Filter>
    </ClCompile>
  </ItemGroup>
  <ItemGroup>
    <ClInclude Include="PbfApp.h">
      <Filter>Header Files</Filter>
    </ClInclude>
    <ClInclude Include="ConstantBufferTypes.h">
      <Filter>Header Files</Filter>
    </ClInclude>
    <ClInclude Include="ParticleTypes.h">
      <Filter>Header Files</Filter>
    </ClInclude>
  </ItemGroup>
  <ItemGroup>
    <FxCompile Include="particleVS.hlsl">
      <Filter>Shaders</Filter>
    </FxCompile>
    <FxCompile Include="bgVS.hlsl">
      <Filter>Shaders</Filter>
    </FxCompile>
    <FxCompile Include="bgPS.hlsl">
      <Filter>Shaders</Filter>
    </FxCompile>
    <FxCompile Include="particleGS.hlsl">
      <Filter>Shaders</Filter>
    </FxCompile>
    <FxCompile Include="particlePS.hlsl">
      <Filter>Shaders</Filter>
    </FxCompile>
    <FxCompile Include="clearGridCS.hlsl">
      <Filter>Shaders\Compute</Filter>
    </FxCompile>
    <FxCompile Include="collisionCS.hlsl">
      <Filter>Shaders\Compute</Filter>
    </FxCompile>
    <FxCompile Include="confinementCS.hlsl">
      <Filter>Shaders\Compute</Filter>
    </FxCompile>
    <FxCompile Include="deltaCS.hlsl">
      <Filter>Shaders\Compute</Filter>
    </FxCompile>
    <FxCompile Include="lambdaCS.hlsl">
      <Filter>Shaders\Compute</Filter>
    </FxCompile>
    <FxCompile Include="positionFromScratchCS.hlsl">
      <Filter>Shaders\Compute</Filter>
    </FxCompile>
    <FxCompile Include="predictCS.hlsl">
      <Filter>Shaders\Compute</Filter>
    </FxCompile>
    <FxCompile Include="prefixSumCS.hlsl">
      <Filter>Shaders\Compute</Filter>
    </FxCompile>
    <FxCompile Include="updatePositionCS.hlsl">
      <Filter>Shaders\Compute</Filter>
    </FxCompile>
    <FxCompile Include="updateVelocityCS.hlsl">
      <Filter>Shaders\Compute</Filter>
    </FxCompile>
    <FxCompile Include="velocityFromScratchCS.hlsl">
      <Filter>Shaders\Compute</Filter>
    </FxCompile>
    <FxCompile Include="viscosityCS.hlsl">
      <Filter>Shaders\Compute</Filter>
    </FxCompile>
    <FxCompile Include="vorticityCS.hlsl">
      <Filter>Shaders\Compute</Filter>
    </FxCompile>
    <FxCompile Include="countGridCS.hlsl">
      <Filter>Shaders\Compute</Filter>
    </FxCompile>
    <FxCompile Include="sortCS.hlsl">
      <Filter>Shaders\Compute</Filter>
    </FxCompile>
  </ItemGroup>
  <ItemGroup>
    <None Include="SphKernels.hlsli">
      <Filter>Shaders\Include</Filter>
    </None>
    <None Include="GridUtils.hlsli">
      <Filter>Shaders\Include</Filter>
    </None>
  </ItemGroup>
  <ItemGroup>
    <Text Include="notes.txt">
      <Filter>Resource Files</Filter>
    </Text>
  </ItemGroup>
</Project>