<?xml version="1.0" encoding="utf-8"?>
<Project ToolsVersion="4.0" xmlns="http://schemas.microsoft.com/developer/msbuild/2003">
  <ItemGroup>
    <Filter Include="Source Files">
      <UniqueIdentifier>{4FC737F1-C7A5-4376-A066-2A32D752A2FF}</UniqueIdentifier>
      <Extensions>cpp;c;cc;cxx;c++;cppm;ixx;def;odl;idl;hpj;bat;asm;asmx</Extensions>
    </Filter>
    <Filter Include="Header Files">
      <UniqueIdentifier>{93995380-89BD-4b04-88EB-625FBE52EBFB}</UniqueIdentifier>
      <Extensions>h;hh;hpp;hxx;h++;hm;inl;inc;ipp;xsd</Extensions>
    </Filter>
    <Filter Include="Shaders">
      <UniqueIdentifier>{2d57bef2-65a8-4ab0-bb94-0b0eecd0a2bb}</UniqueIdentifier>
    </Filter>
    <Filter Include="Resource Files">
      <UniqueIdentifier>{67DA6AB6-F800-4c08-8B7A-83BB121AAD01}</UniqueIdentifier>
      <Extensions>rc;ico;cur;bmp;dlg;rc2;rct;bin;rgs;gif;jpg;jpeg;jpe;resx;tiff;tif;png;wav;mfcribbon-ms</Extensions>
    </Filter>
    <Filter Include="Shaders\Compute">
      <UniqueIdentifier>{43a78bfa-c698-4fa4-a0a6-195a10bfb03e}</UniqueIdentifier>
    </Filter>
    <Filter Include="Shaders\Include">
      <UniqueIdentifier>{cf41e256-e587-4377-ae31-a60d993b5f0a}</UniqueIdentifier>
    </Filter>
    <Filter Include="Shaders\Vertex">
      <UniqueIdentifier>{f68d55e0-0768-4ba3-8fee-0d6ba07cb59f}</UniqueIdentifier>
    </Filter>
    <Filter Include="Shaders\Pixel">
      <UniqueIdentifier>{276c448d-3b15-46d9-968b-33ba28bc187b}</UniqueIdentifier>
    </Filter>
    <Filter Include="Shaders\Geometry">
      <UniqueIdentifier>{a2e37ae3-76d8-400f-80f4-8fdb854e1f46}</UniqueIdentifier>
    </Filter>
    <Filter Include="Shaders\Compute\prediction">
      <UniqueIdentifier>{7822cde0-1346-4e64-bc00-54567246fc5a}</UniqueIdentifier>
    </Filter>
    <Filter Include="Shaders\Compute\delta">
      <UniqueIdentifier>{9ee905d1-2134-4121-887c-75166b8d5c87}</UniqueIdentifier>
    </Filter>
    <Filter Include="Shaders\Compute\lambda">
      <UniqueIdentifier>{cad448eb-03f6-482f-bf08-ff689e7b5668}</UniqueIdentifier>
    </Filter>
    <Filter Include="Shaders\Compute\sort">
      <UniqueIdentifier>{761a74a6-35e1-430e-9060-ec146f275a6d}</UniqueIdentifier>
    </Filter>
    <Filter Include="Shaders\Compute\LOD">
      <UniqueIdentifier>{3a62d2ce-4841-4645-90b0-17661e7200c6}</UniqueIdentifier>
    </Filter>
    <Filter Include="Shaders\Compute\LOD\DTC">
      <UniqueIdentifier>{7534b863-39ad-4a3d-8493-192019aed637}</UniqueIdentifier>
    </Filter>
    <Filter Include="Shaders\Compute\LOD\DTVS">
      <UniqueIdentifier>{844050c7-d19d-4669-8b24-f9a41b75f698}</UniqueIdentifier>
    </Filter>
    <Filter Include="Shaders\Compute\sort\prefixSum">
      <UniqueIdentifier>{fc9cc854-9c2d-4d87-8c88-ff7e8c880feb}</UniqueIdentifier>
    </Filter>
    <Filter Include="Shaders\Compute\delta\unused">
      <UniqueIdentifier>{9debaac5-d9cc-4747-9dc4-08f9350eb563}</UniqueIdentifier>
    </Filter>
    <Filter Include="Shaders\Compute\prediction\unused">
      <UniqueIdentifier>{451d982b-d922-42f1-b2be-4fe55052cc97}</UniqueIdentifier>
    </Filter>
    <Filter Include="Shaders\Compute\vorticity, viscosity">
      <UniqueIdentifier>{d35f037f-06ce-4d89-be6c-b0d196bd14d8}</UniqueIdentifier>
    </Filter>
    <Filter Include="Shaders\Compute\vorticity, viscosity\unused">
      <UniqueIdentifier>{8f10ca65-0f25-417a-9c56-75a976db5a5f}</UniqueIdentifier>
    </Filter>
  </ItemGroup>
  <ItemGroup>
    <ClCompile Include="main.cpp">
      <Filter>Source Files</Filter>
    </ClCompile>
    <ClCompile Include="..\Common\imgui\imgui.cpp">
      <Filter>Source Files</Filter>
    </ClCompile>
    <ClCompile Include="..\Common\imgui\imgui_draw.cpp">
      <Filter>Source Files</Filter>
    </ClCompile>
    <ClCompile Include="..\Common\imgui\imgui_impl_dx12.cpp">
      <Filter>Source Files</Filter>
    </ClCompile>
    <ClCompile Include="..\Common\imgui\imgui_impl_win32.cpp">
      <Filter>Source Files</Filter>
    </ClCompile>
    <ClCompile Include="..\Common\imgui\imgui_tables.cpp">
      <Filter>Source Files</Filter>
    </ClCompile>
    <ClCompile Include="..\Common\imgui\imgui_widgets.cpp">
      <Filter>Source Files</Filter>
    </ClCompile>
  </ItemGroup>
  <ItemGroup>
    <ClInclude Include="PbfApp.h">
      <Filter>Header Files</Filter>
    </ClInclude>
    <ClInclude Include="ConstantBufferTypes.h">
      <Filter>Header Files</Filter>
    </ClInclude>
    <ClInclude Include="ParticleTypes.h">
      <Filter>Header Files</Filter>
    </ClInclude>
    <ClInclude Include="ComputeShader.h">
      <Filter>Header Files</Filter>
    </ClInclude>
    <ClInclude Include="SolidObstacle.h">
      <Filter>Header Files</Filter>
    </ClInclude>
    <ClInclude Include="Fence.h">
      <Filter>Header Files</Filter>
    </ClInclude>
    <ClInclude Include="AsyncComputeApp.h">
      <Filter>Header Files</Filter>
    </ClInclude>
    <ClInclude Include="DescriptorLayout.h">
      <Filter>Header Files</Filter>
    </ClInclude>
  </ItemGroup>
  <ItemGroup>
    <FxCompile Include="positionFromScratchCS.hlsl">
      <Filter>Shaders\Compute</Filter>
    </FxCompile>
    <FxCompile Include="updatePositionCS.hlsl">
      <Filter>Shaders\Compute</Filter>
    </FxCompile>
    <FxCompile Include="updateVelocityCS.hlsl">
      <Filter>Shaders\Compute</Filter>
    </FxCompile>
    <FxCompile Include="collisionPredictedPositionCS.hlsl">
      <Filter>Shaders\Compute</Filter>
    </FxCompile>
    <FxCompile Include="particleGS.hlsl">
      <Filter>Shaders\Geometry</Filter>
    </FxCompile>
    <FxCompile Include="particlePS.hlsl">
      <Filter>Shaders\Pixel</Filter>
    </FxCompile>
    <FxCompile Include="bgPS.hlsl">
      <Filter>Shaders\Pixel</Filter>
    </FxCompile>
    <FxCompile Include="bgVS.hlsl">
      <Filter>Shaders\Vertex</Filter>
    </FxCompile>
    <FxCompile Include="particleVS.hlsl">
      <Filter>Shaders\Vertex</Filter>
    </FxCompile>
    <FxCompile Include="solidVS.hlsl">
      <Filter>Shaders\Vertex</Filter>
    </FxCompile>
    <FxCompile Include="solidPS.hlsl">
      <Filter>Shaders\Pixel</Filter>
    </FxCompile>
    <FxCompile Include="deltaCS.hlsl">
      <Filter>Shaders\Compute\delta</Filter>
    </FxCompile>
    <FxCompile Include="lambdaCS.hlsl">
      <Filter>Shaders\Compute\lambda</Filter>
    </FxCompile>
    <FxCompile Include="prefixSumPass1CS.hlsl">
      <Filter>Shaders\Compute\sort\prefixSum</Filter>
    </FxCompile>
    <FxCompile Include="prefixSumPass2CS.hlsl">
      <Filter>Shaders\Compute\sort\prefixSum</Filter>
    </FxCompile>
    <FxCompile Include="prefixSumPass3CS.hlsl">
      <Filter>Shaders\Compute\sort\prefixSum</Filter>
    </FxCompile>
    <FxCompile Include="vorticityCS.hlsl">
      <Filter>Shaders\Compute\vorticity, viscosity</Filter>
    </FxCompile>
    <FxCompile Include="velocityFromScratchCS.hlsl">
      <Filter>Shaders\Compute\vorticity, viscosity</Filter>
    </FxCompile>
    <FxCompile Include="confinementViscosityCS.hlsl">
      <Filter>Shaders\Compute\vorticity, viscosity</Filter>
    </FxCompile>
    <FxCompile Include="predictCS.hlsl">
      <Filter>Shaders\Compute\prediction</Filter>
    </FxCompile>
    <FxCompile Include="setLodMaxCS.hlsl">
      <Filter>Shaders\Compute\LOD</Filter>
    </FxCompile>
    <FxCompile Include="clearDtcReductionCS.hlsl">
      <Filter>Shaders\Compute\LOD\DTC</Filter>
    </FxCompile>
    <FxCompile Include="dtcLodCS.hlsl">
      <Filter>Shaders\Compute\LOD\DTC</Filter>
    </FxCompile>
    <FxCompile Include="dtcReductionCS.hlsl">
      <Filter>Shaders\Compute\LOD\DTC</Filter>
    </FxCompile>
    <FxCompile Include="dtvsReductionCS.hlsl">
      <Filter>Shaders\Compute\LOD\DTVS</Filter>
    </FxCompile>
    <FxCompile Include="clearDtvsReductionCS.hlsl">
      <Filter>Shaders\Compute\LOD\DTVS</Filter>
    </FxCompile>
    <FxCompile Include="dtvsLodCS.hlsl">
      <Filter>Shaders\Compute\LOD\DTVS</Filter>
    </FxCompile>
    <FxCompile Include="dtvsDepthOnlyPS.hlsl">
      <Filter>Shaders\Pixel</Filter>
    </FxCompile>
    <FxCompile Include="countGridCS.hlsl">
      <Filter>Shaders\Compute\sort</Filter>
    </FxCompile>
    <FxCompile Include="permutateCS.hlsl">
      <Filter>Shaders\Compute\sort</Filter>
    </FxCompile>
    <FxCompile Include="sortCS.hlsl">
      <Filter>Shaders\Compute\sort</Filter>
    </FxCompile>
    <FxCompile Include="clearGridCS.hlsl">
      <Filter>Shaders\Compute\sort</Filter>
    </FxCompile>
    <FxCompile Include="GSM_CC_deltaCS.hlsl">
      <Filter>Shaders\Compute\delta\unused</Filter>
    </FxCompile>
    <FxCompile Include="predictPositionCS.hlsl">
      <Filter>Shaders\Compute\prediction\unused</Filter>
    </FxCompile>
    <FxCompile Include="applyForcesCS.hlsl">
      <Filter>Shaders\Compute\prediction\unused</Filter>
    </FxCompile>
    <FxCompile Include="collisionVelocityCS.hlsl">
      <Filter>Shaders\Compute\prediction\unused</Filter>
    </FxCompile>
    <FxCompile Include="confinementCS.hlsl">
      <Filter>Shaders\Compute\vorticity, viscosity\unused</Filter>
    </FxCompile>
    <FxCompile Include="viscosityCS.hlsl">
      <Filter>Shaders\Compute\vorticity, viscosity\unused</Filter>
    </FxCompile>
    <FxCompile Include="densityVolumeCS.hlsl">
      <Filter>Shaders\Compute</Filter>
    </FxCompile>
    <FxCompile Include="liquidPS.hlsl">
      <Filter>Shaders\Pixel</Filter>
    </FxCompile>
    <FxCompile Include="liquidVS.hlsl">
      <Filter>Shaders\Vertex</Filter>
    </FxCompile>
    <FxCompile Include="GSM_deltaCS.hlsl">
      <Filter>Shaders\Compute\delta</Filter>
    </FxCompile>
    <FxCompile Include="GSM_lambdaCS.hlsl">
      <Filter>Shaders\Compute\lambda</Filter>
    </FxCompile>
    <FxCompile Include="GSM_confinementViscosityCS.hlsl">
      <Filter>Shaders\Compute\vorticity, viscosity</Filter>
    </FxCompile>
    <FxCompile Include="GSM_vorticity.hlsl">
      <Filter>Shaders\Compute\vorticity, viscosity</Filter>
    </FxCompile>
  </ItemGroup>
  <ItemGroup>
    <None Include="SphKernels.hlsli">
      <Filter>Shaders\Include</Filter>
    </None>
    <None Include="GridUtils.hlsli">
      <Filter>Shaders\Include</Filter>
    </None>
    <None Include="ComputeCb.hlsli">
      <Filter>Shaders\Include</Filter>
    </None>
    <None Include="SolidSdf.hlsli">
      <Filter>Shaders\Include</Filter>
    </None>
    <None Include="SharedConfig.hlsli">
      <Filter>Shaders\Include</Filter>
    </None>
  </ItemGroup>
  <ItemGroup>
    <Text Include="notes.txt">
      <Filter>Resource Files</Filter>
    </Text>
  </ItemGroup>
</Project>